
Microsoft Visual Studio Solution File, Format Version 12.00
# Visual Studio Version 17
VisualStudioVersion = 17.14.36327.8 d17.14
MinimumVisualStudioVersion = 10.0.40219.1
Project("{FAE04EC0-301F-11D3-BF4B-00C04F79EFBC}") = "Web Systems & Technologies Reflection and Roadmap", "Web Systems & Technologies Reflection and Roadmap\Web Systems & Technologies Reflection and Roadmap.csproj", "{6360000E-A895-4812-8199-616969641258}"
EndProject
Global
	GlobalSection(SolutionConfigurationPlatforms) = preSolution
		Debug|Any CPU = Debug|Any CPU
		Release|Any CPU = Release|Any CPU
	EndGlobalSection
	GlobalSection(ProjectConfigurationPlatforms) = postSolution
		{6360000E-A895-4812-8199-616969641258}.Debug|Any CPU.ActiveCfg = Debug|Any CPU
		{6360000E-A895-4812-8199-616969641258}.Debug|Any CPU.Build.0 = Debug|Any CPU
		{6360000E-A895-4812-8199-616969641258}.Release|Any CPU.ActiveCfg = Release|Any CPU
		{6360000E-A895-4812-8199-616969641258}.Release|Any CPU.Build.0 = Release|Any CPU
	EndGlobalSection
	GlobalSection(SolutionProperties) = preSolution
		HideSolutionNode = FALSE
	EndGlobalSection
	GlobalSection(ExtensibilityGlobals) = postSolution
		SolutionGuid = {04E02A7D-6902-42A9-BB5D-621E0D91E3AF}
	EndGlobalSection
EndGlobal
